
Microsoft Visual Studio Solution File, Format Version 12.00
# Visual Studio Version 16
VisualStudioVersion = 16.0.31624.102
MinimumVisualStudioVersion = 10.0.40219.1
Project("{FAE04EC0-301F-11D3-BF4B-00C04F79EFBC}") = "LJonsgaard1b1", "LJonsgaard1b1\LJonsgaard1b1.csproj", "{E7170048-4483-48C1-A166-EA7F4B9ACF4A}"
EndProject
Project("{FAE04EC0-301F-11D3-BF4B-00C04F79EFBC}") = "LJonsgaard1c1", "LJonsgaard1c1\LJonsgaard1c1.csproj", "{8124D986-A160-442C-8FE3-B21D06275859}"
EndProject
Project("{FAE04EC0-301F-11D3-BF4B-00C04F79EFBC}") = "LJonsgaard1e1", "LJonsgaardadveragetestscore\LJonsgaard1e1.csproj", "{6F13D2CD-3BFA-4A42-9C27-C2209194E08A}"
EndProject
Project("{FAE04EC0-301F-11D3-BF4B-00C04F79EFBC}") = "LJonsgaard1d1", "LJonsgaard1d1\LJonsgaard1d1.csproj", "{E4417F63-D568-432C-AFD8-DB1B34820B72}"
EndProject
Project("{FAE04EC0-301F-11D3-BF4B-00C04F79EFBC}") = "LJonsgaard1F1", "LJonsgaard1F1\LJonsgaard1F1.csproj", "{C2E474A0-8F91-4DD6-A09B-A77DDF49CC81}"
EndProject
Project("{FAE04EC0-301F-11D3-BF4B-00C04F79EFBC}") = "LJonsgaard2a1", "LJonsgaard2a1\LJonsgaard2a1.csproj", "{3A62C715-9A36-4A2B-9671-26E53B78C9C9}"
EndProject
Project("{FAE04EC0-301F-11D3-BF4B-00C04F79EFBC}") = "LJonsgaard2B1", "LJonsgaard2B1\LJonsgaard2B1.csproj", "{1A823F3F-572D-45F6-850D-8E023A98A9C1}"
EndProject
Project("{FAE04EC0-301F-11D3-BF4B-00C04F79EFBC}") = "LJonsgaard2d", "LJonsgaard2d\LJonsgaard2d.csproj", "{4530370B-ADE9-4F72-B8FA-82B7A18D56B0}"
EndProject
Project("{FAE04EC0-301F-11D3-BF4B-00C04F79EFBC}") = "LJonsgaard2E1", "LJonsgaard2E1\LJonsgaard2E1.csproj", "{27846885-1740-4CEA-9D89-964CBFD785D0}"
EndProject
Project("{FAE04EC0-301F-11D3-BF4B-00C04F79EFBC}") = "LJonsgaard2E1UnitTest", "LJonsgaard2E1UnitTest\LJonsgaard2E1UnitTest.csproj", "{CF18D83E-AF7E-4EBC-B30E-24DDAB2EBBA3}"
EndProject
Project("{FAE04EC0-301F-11D3-BF4B-00C04F79EFBC}") = "LJonsgaard2F1", "LJonsgaard2F1\LJonsgaard2F1.csproj", "{2423EC2D-D03D-4AC5-A2C9-D1A027898614}"
EndProject
Project("{FAE04EC0-301F-11D3-BF4B-00C04F79EFBC}") = "LJonsgaard2fUnitTest", "LJonsgaard2fUnitTest\LJonsgaard2fUnitTest.csproj", "{95F1A33B-0EE3-4EB7-9838-2EBD7E01EDD6}"
EndProject
Global
	GlobalSection(SolutionConfigurationPlatforms) = preSolution
		Debug|Any CPU = Debug|Any CPU
		Release|Any CPU = Release|Any CPU
	EndGlobalSection
	GlobalSection(ProjectConfigurationPlatforms) = postSolution
		{E7170048-4483-48C1-A166-EA7F4B9ACF4A}.Debug|Any CPU.ActiveCfg = Debug|Any CPU
		{E7170048-4483-48C1-A166-EA7F4B9ACF4A}.Debug|Any CPU.Build.0 = Debug|Any CPU
		{E7170048-4483-48C1-A166-EA7F4B9ACF4A}.Release|Any CPU.ActiveCfg = Release|Any CPU
		{E7170048-4483-48C1-A166-EA7F4B9ACF4A}.Release|Any CPU.Build.0 = Release|Any CPU
		{8124D986-A160-442C-8FE3-B21D06275859}.Debug|Any CPU.ActiveCfg = Debug|Any CPU
		{8124D986-A160-442C-8FE3-B21D06275859}.Debug|Any CPU.Build.0 = Debug|Any CPU
		{8124D986-A160-442C-8FE3-B21D06275859}.Release|Any CPU.ActiveCfg = Release|Any CPU
		{8124D986-A160-442C-8FE3-B21D06275859}.Release|Any CPU.Build.0 = Release|Any CPU
		{6F13D2CD-3BFA-4A42-9C27-C2209194E08A}.Debug|Any CPU.ActiveCfg = Debug|Any CPU
		{6F13D2CD-3BFA-4A42-9C27-C2209194E08A}.Debug|Any CPU.Build.0 = Debug|Any CPU
		{6F13D2CD-3BFA-4A42-9C27-C2209194E08A}.Release|Any CPU.ActiveCfg = Release|Any CPU
		{6F13D2CD-3BFA-4A42-9C27-C2209194E08A}.Release|Any CPU.Build.0 = Release|Any CPU
		{E4417F63-D568-432C-AFD8-DB1B34820B72}.Debug|Any CPU.ActiveCfg = Debug|Any CPU
		{E4417F63-D568-432C-AFD8-DB1B34820B72}.Debug|Any CPU.Build.0 = Debug|Any CPU
		{E4417F63-D568-432C-AFD8-DB1B34820B72}.Release|Any CPU.ActiveCfg = Release|Any CPU
		{E4417F63-D568-432C-AFD8-DB1B34820B72}.Release|Any CPU.Build.0 = Release|Any CPU
		{C2E474A0-8F91-4DD6-A09B-A77DDF49CC81}.Debug|Any CPU.ActiveCfg = Debug|Any CPU
		{C2E474A0-8F91-4DD6-A09B-A77DDF49CC81}.Debug|Any CPU.Build.0 = Debug|Any CPU
		{C2E474A0-8F91-4DD6-A09B-A77DDF49CC81}.Release|Any CPU.ActiveCfg = Release|Any CPU
		{C2E474A0-8F91-4DD6-A09B-A77DDF49CC81}.Release|Any CPU.Build.0 = Release|Any CPU
		{3A62C715-9A36-4A2B-9671-26E53B78C9C9}.Debug|Any CPU.ActiveCfg = Debug|Any CPU
		{3A62C715-9A36-4A2B-9671-26E53B78C9C9}.Debug|Any CPU.Build.0 = Debug|Any CPU
		{3A62C715-9A36-4A2B-9671-26E53B78C9C9}.Release|Any CPU.ActiveCfg = Release|Any CPU
		{3A62C715-9A36-4A2B-9671-26E53B78C9C9}.Release|Any CPU.Build.0 = Release|Any CPU
		{1A823F3F-572D-45F6-850D-8E023A98A9C1}.Debug|Any CPU.ActiveCfg = Debug|Any CPU
		{1A823F3F-572D-45F6-850D-8E023A98A9C1}.Debug|Any CPU.Build.0 = Debug|Any CPU
		{1A823F3F-572D-45F6-850D-8E023A98A9C1}.Release|Any CPU.ActiveCfg = Release|Any CPU
		{1A823F3F-572D-45F6-850D-8E023A98A9C1}.Release|Any CPU.Build.0 = Release|Any CPU
		{4530370B-ADE9-4F72-B8FA-82B7A18D56B0}.Debug|Any CPU.ActiveCfg = Debug|Any CPU
		{4530370B-ADE9-4F72-B8FA-82B7A18D56B0}.Debug|Any CPU.Build.0 = Debug|Any CPU
		{4530370B-ADE9-4F72-B8FA-82B7A18D56B0}.Release|Any CPU.ActiveCfg = Release|Any CPU
		{4530370B-ADE9-4F72-B8FA-82B7A18D56B0}.Release|Any CPU.Build.0 = Release|Any CPU
		{27846885-1740-4CEA-9D89-964CBFD785D0}.Debug|Any CPU.ActiveCfg = Debug|Any CPU
		{27846885-1740-4CEA-9D89-964CBFD785D0}.Debug|Any CPU.Build.0 = Debug|Any CPU
		{27846885-1740-4CEA-9D89-964CBFD785D0}.Release|Any CPU.ActiveCfg = Release|Any CPU
		{27846885-1740-4CEA-9D89-964CBFD785D0}.Release|Any CPU.Build.0 = Release|Any CPU
		{CF18D83E-AF7E-4EBC-B30E-24DDAB2EBBA3}.Debug|Any CPU.ActiveCfg = Debug|Any CPU
		{CF18D83E-AF7E-4EBC-B30E-24DDAB2EBBA3}.Debug|Any CPU.Build.0 = Debug|Any CPU
		{CF18D83E-AF7E-4EBC-B30E-24DDAB2EBBA3}.Release|Any CPU.ActiveCfg = Release|Any CPU
		{CF18D83E-AF7E-4EBC-B30E-24DDAB2EBBA3}.Release|Any CPU.Build.0 = Release|Any CPU
		{2423EC2D-D03D-4AC5-A2C9-D1A027898614}.Debug|Any CPU.ActiveCfg = Debug|Any CPU
		{2423EC2D-D03D-4AC5-A2C9-D1A027898614}.Debug|Any CPU.Build.0 = Debug|Any CPU
		{2423EC2D-D03D-4AC5-A2C9-D1A027898614}.Release|Any CPU.ActiveCfg = Release|Any CPU
		{2423EC2D-D03D-4AC5-A2C9-D1A027898614}.Release|Any CPU.Build.0 = Release|Any CPU
		{95F1A33B-0EE3-4EB7-9838-2EBD7E01EDD6}.Debug|Any CPU.ActiveCfg = Debug|Any CPU
		{95F1A33B-0EE3-4EB7-9838-2EBD7E01EDD6}.Debug|Any CPU.Build.0 = Debug|Any CPU
		{95F1A33B-0EE3-4EB7-9838-2EBD7E01EDD6}.Release|Any CPU.ActiveCfg = Release|Any CPU
		{95F1A33B-0EE3-4EB7-9838-2EBD7E01EDD6}.Release|Any CPU.Build.0 = Release|Any CPU
	EndGlobalSection
	GlobalSection(SolutionProperties) = preSolution
		HideSolutionNode = FALSE
	EndGlobalSection
	GlobalSection(ExtensibilityGlobals) = postSolution
		SolutionGuid = {F650E317-644D-49DE-991E-130FEF5A24B7}
	EndGlobalSection
EndGlobal
